// !$*UTF8*$!
{
	archiveVersion = 1;
	classes = {
	};
	objectVersion = 46;
	objects = {

/* Begin PBXBuildFile section */
		9D0D0E03166D5DCF00DA2D21 /* NegativeCollector.cpp in Sources */ = {isa = PBXBuildFile; fileRef = 9D0D0E01166D5DCF00DA2D21 /* NegativeCollector.cpp */; };
		9D30F3E11664144500C51025 /* HumanDetector.cpp in Sources */ = {isa = PBXBuildFile; fileRef = 9D30F3B71664138F00C51025 /* HumanDetector.cpp */; };
		9D30F3E21664144800C51025 /* ImageCropper.cpp in Sources */ = {isa = PBXBuildFile; fileRef = 9D30F3B91664138F00C51025 /* ImageCropper.cpp */; };
		9D30F3E31664144B00C51025 /* KNNDetector.cpp in Sources */ = {isa = PBXBuildFile; fileRef = 9D30F3BB1664138F00C51025 /* KNNDetector.cpp */; };
		9D30F3E41664145000C51025 /* Feature.cpp in Sources */ = {isa = PBXBuildFile; fileRef = 9D30F3B51664138F00C51025 /* Feature.cpp */; };
		9D50B591166ED07900FED290 /* libopencv_calib3d.2.4.9.dylib in Frameworks */ = {isa = PBXBuildFile; fileRef = 9D50B580166ED07800FED290 /* libopencv_calib3d.2.4.9.dylib */; };
		9D50B592166ED07900FED290 /* libopencv_contrib.2.4.9.dylib in Frameworks */ = {isa = PBXBuildFile; fileRef = 9D50B581166ED07800FED290 /* libopencv_contrib.2.4.9.dylib */; };
		9D50B593166ED07900FED290 /* libopencv_core.2.4.9.dylib in Frameworks */ = {isa = PBXBuildFile; fileRef = 9D50B582166ED07800FED290 /* libopencv_core.2.4.9.dylib */; };
		9D50B594166ED07900FED290 /* libopencv_features2d.2.4.9.dylib in Frameworks */ = {isa = PBXBuildFile; fileRef = 9D50B583166ED07800FED290 /* libopencv_features2d.2.4.9.dylib */; };
		9D50B595166ED07900FED290 /* libopencv_flann.2.4.9.dylib in Frameworks */ = {isa = PBXBuildFile; fileRef = 9D50B584166ED07800FED290 /* libopencv_flann.2.4.9.dylib */; };
		9D50B596166ED07900FED290 /* libopencv_gpu.2.4.9.dylib in Frameworks */ = {isa = PBXBuildFile; fileRef = 9D50B585166ED07800FED290 /* libopencv_gpu.2.4.9.dylib */; };
		9D50B597166ED07900FED290 /* libopencv_highgui.2.4.9.dylib in Frameworks */ = {isa = PBXBuildFile; fileRef = 9D50B586166ED07800FED290 /* libopencv_highgui.2.4.9.dylib */; };
		9D50B598166ED07900FED290 /* libopencv_imgproc.2.4.9.dylib in Frameworks */ = {isa = PBXBuildFile; fileRef = 9D50B587166ED07800FED290 /* libopencv_imgproc.2.4.9.dylib */; };
		9D50B599166ED07900FED290 /* libopencv_legacy.2.4.9.dylib in Frameworks */ = {isa = PBXBuildFile; fileRef = 9D50B588166ED07800FED290 /* libopencv_legacy.2.4.9.dylib */; };
		9D50B59A166ED07900FED290 /* libopencv_ml.2.4.9.dylib in Frameworks */ = {isa = PBXBuildFile; fileRef = 9D50B589166ED07800FED290 /* libopencv_ml.2.4.9.dylib */; };
		9D50B59B166ED07900FED290 /* libopencv_nonfree.2.4.9.dylib in Frameworks */ = {isa = PBXBuildFile; fileRef = 9D50B58A166ED07900FED290 /* libopencv_nonfree.2.4.9.dylib */; };
		9D50B59C166ED07900FED290 /* libopencv_objdetect.2.4.9.dylib in Frameworks */ = {isa = PBXBuildFile; fileRef = 9D50B58B166ED07900FED290 /* libopencv_objdetect.2.4.9.dylib */; };
		9D50B59D166ED07900FED290 /* libopencv_photo.2.4.9.dylib in Frameworks */ = {isa = PBXBuildFile; fileRef = 9D50B58C166ED07900FED290 /* libopencv_photo.2.4.9.dylib */; };
		9D50B59E166ED07900FED290 /* libopencv_stitching.2.4.9.dylib in Frameworks */ = {isa = PBXBuildFile; fileRef = 9D50B58D166ED07900FED290 /* libopencv_stitching.2.4.9.dylib */; };
		9D50B59F166ED07900FED290 /* libopencv_ts.2.4.9.dylib in Frameworks */ = {isa = PBXBuildFile; fileRef = 9D50B58E166ED07900FED290 /* libopencv_ts.2.4.9.dylib */; };
		9D50B5A0166ED07900FED290 /* libopencv_video.2.4.9.dylib in Frameworks */ = {isa = PBXBuildFile; fileRef = 9D50B58F166ED07900FED290 /* libopencv_video.2.4.9.dylib */; };
		9D50B5A1166ED07900FED290 /* libopencv_videostab.2.4.9.dylib in Frameworks */ = {isa = PBXBuildFile; fileRef = 9D50B590166ED07900FED290 /* libopencv_videostab.2.4.9.dylib */; };
		9D666AA3168C45E900FF561D /* script.cpp in Sources */ = {isa = PBXBuildFile; fileRef = 9D666AA1168C45E900FF561D /* script.cpp */; };
		9DFE6F64166380E2003AFA44 /* main.cpp in Sources */ = {isa = PBXBuildFile; fileRef = 9DFE6F63166380E2003AFA44 /* main.cpp */; };
		9DFE6F66166380E2003AFA44 /* HumanPoseDetector.1 in CopyFiles */ = {isa = PBXBuildFile; fileRef = 9DFE6F65166380E2003AFA44 /* HumanPoseDetector.1 */; };
/* End PBXBuildFile section */

/* Begin PBXCopyFilesBuildPhase section */
		9DFE6F5D166380E2003AFA44 /* CopyFiles */ = {
			isa = PBXCopyFilesBuildPhase;
			buildActionMask = 2147483647;
			dstPath = /usr/share/man/man1/;
			dstSubfolderSpec = 0;
			files = (
				9DFE6F66166380E2003AFA44 /* HumanPoseDetector.1 in CopyFiles */,
			);
			runOnlyForDeploymentPostprocessing = 1;
		};
/* End PBXCopyFilesBuildPhase section */

/* Begin PBXFileReference section */
		9D0D0E01166D5DCF00DA2D21 /* NegativeCollector.cpp */ = {isa = PBXFileReference; fileEncoding = 4; lastKnownFileType = sourcecode.cpp.cpp; path = NegativeCollector.cpp; sourceTree = "<group>"; };
		9D0D0E02166D5DCF00DA2D21 /* NegativeCollector.h */ = {isa = PBXFileReference; fileEncoding = 4; lastKnownFileType = sourcecode.c.h; path = NegativeCollector.h; sourceTree = "<group>"; };
		9D30F3B51664138F00C51025 /* Feature.cpp */ = {isa = PBXFileReference; lastKnownFileType = sourcecode.cpp.cpp; path = Feature.cpp; sourceTree = "<group>"; };
		9D30F3B61664138F00C51025 /* Feature.h */ = {isa = PBXFileReference; lastKnownFileType = sourcecode.c.h; lineEnding = 0; path = Feature.h; sourceTree = "<group>"; };
		9D30F3B71664138F00C51025 /* HumanDetector.cpp */ = {isa = PBXFileReference; lastKnownFileType = sourcecode.cpp.cpp; path = HumanDetector.cpp; sourceTree = "<group>"; };
		9D30F3B81664138F00C51025 /* HumanDetector.h */ = {isa = PBXFileReference; lastKnownFileType = sourcecode.c.h; path = HumanDetector.h; sourceTree = "<group>"; };
		9D30F3B91664138F00C51025 /* ImageCropper.cpp */ = {isa = PBXFileReference; lastKnownFileType = sourcecode.cpp.cpp; path = ImageCropper.cpp; sourceTree = "<group>"; };
		9D30F3BA1664138F00C51025 /* ImageCropper.h */ = {isa = PBXFileReference; lastKnownFileType = sourcecode.c.h; path = ImageCropper.h; sourceTree = "<group>"; };
		9D30F3BB1664138F00C51025 /* KNNDetector.cpp */ = {isa = PBXFileReference; lastKnownFileType = sourcecode.cpp.cpp; path = KNNDetector.cpp; sourceTree = "<group>"; };
		9D30F3BC1664138F00C51025 /* KNNDetector.h */ = {isa = PBXFileReference; lastKnownFileType = sourcecode.c.h; path = KNNDetector.h; sourceTree = "<group>"; };
		9D30F3FD1664326800C51025 /* ori_svm.txt */ = {isa = PBXFileReference; lastKnownFileType = text; name = ori_svm.txt; path = HumanPoseDetector/ori_svm.txt; sourceTree = "<group>"; };
		9D30F3FE1664326800C51025 /* svm_12.txt */ = {isa = PBXFileReference; lastKnownFileType = text; name = svm_12.txt; path = HumanPoseDetector/svm_12.txt; sourceTree = "<group>"; };
		9D50B580166ED07800FED290 /* libopencv_calib3d.2.4.9.dylib */ = {isa = PBXFileReference; lastKnownFileType = "compiled.mach-o.dylib"; name = libopencv_calib3d.2.4.9.dylib; path = /usr/local/lib/libopencv_calib3d.2.4.9.dylib; sourceTree = "<absolute>"; };
		9D50B581166ED07800FED290 /* libopencv_contrib.2.4.9.dylib */ = {isa = PBXFileReference; lastKnownFileType = "compiled.mach-o.dylib"; name = libopencv_contrib.2.4.9.dylib; path = /usr/local/lib/libopencv_contrib.2.4.9.dylib; sourceTree = "<absolute>"; };
		9D50B582166ED07800FED290 /* libopencv_core.2.4.9.dylib */ = {isa = PBXFileReference; lastKnownFileType = "compiled.mach-o.dylib"; name = libopencv_core.2.4.9.dylib; path = /usr/local/lib/libopencv_core.2.4.9.dylib; sourceTree = "<absolute>"; };
		9D50B583166ED07800FED290 /* libopencv_features2d.2.4.9.dylib */ = {isa = PBXFileReference; lastKnownFileType = "compiled.mach-o.dylib"; name = libopencv_features2d.2.4.9.dylib; path = /usr/local/lib/libopencv_features2d.2.4.9.dylib; sourceTree = "<absolute>"; };
		9D50B584166ED07800FED290 /* libopencv_flann.2.4.9.dylib */ = {isa = PBXFileReference; lastKnownFileType = "compiled.mach-o.dylib"; name = libopencv_flann.2.4.9.dylib; path = /usr/local/lib/libopencv_flann.2.4.9.dylib; sourceTree = "<absolute>"; };
		9D50B585166ED07800FED290 /* libopencv_gpu.2.4.9.dylib */ = {isa = PBXFileReference; lastKnownFileType = "compiled.mach-o.dylib"; name = libopencv_gpu.2.4.9.dylib; path = /usr/local/lib/libopencv_gpu.2.4.9.dylib; sourceTree = "<absolute>"; };
		9D50B586166ED07800FED290 /* libopencv_highgui.2.4.9.dylib */ = {isa = PBXFileReference; lastKnownFileType = "compiled.mach-o.dylib"; name = libopencv_highgui.2.4.9.dylib; path = /usr/local/lib/libopencv_highgui.2.4.9.dylib; sourceTree = "<absolute>"; };
		9D50B587166ED07800FED290 /* libopencv_imgproc.2.4.9.dylib */ = {isa = PBXFileReference; lastKnownFileType = "compiled.mach-o.dylib"; name = libopencv_imgproc.2.4.9.dylib; path = /usr/local/lib/libopencv_imgproc.2.4.9.dylib; sourceTree = "<absolute>"; };
		9D50B588166ED07800FED290 /* libopencv_legacy.2.4.9.dylib */ = {isa = PBXFileReference; lastKnownFileType = "compiled.mach-o.dylib"; name = libopencv_legacy.2.4.9.dylib; path = /usr/local/lib/libopencv_legacy.2.4.9.dylib; sourceTree = "<absolute>"; };
		9D50B589166ED07800FED290 /* libopencv_ml.2.4.9.dylib */ = {isa = PBXFileReference; lastKnownFileType = "compiled.mach-o.dylib"; name = libopencv_ml.2.4.9.dylib; path = /usr/local/lib/libopencv_ml.2.4.9.dylib; sourceTree = "<absolute>"; };
		9D50B58A166ED07900FED290 /* libopencv_nonfree.2.4.9.dylib */ = {isa = PBXFileReference; lastKnownFileType = "compiled.mach-o.dylib"; name = libopencv_nonfree.2.4.9.dylib; path = /usr/local/lib/libopencv_nonfree.2.4.9.dylib; sourceTree = "<absolute>"; };
		9D50B58B166ED07900FED290 /* libopencv_objdetect.2.4.9.dylib */ = {isa = PBXFileReference; lastKnownFileType = "compiled.mach-o.dylib"; name = libopencv_objdetect.2.4.9.dylib; path = /usr/local/lib/libopencv_objdetect.2.4.9.dylib; sourceTree = "<absolute>"; };
		9D50B58C166ED07900FED290 /* libopencv_photo.2.4.9.dylib */ = {isa = PBXFileReference; lastKnownFileType = "compiled.mach-o.dylib"; name = libopencv_photo.2.4.9.dylib; path = /usr/local/lib/libopencv_photo.2.4.9.dylib; sourceTree = "<absolute>"; };
		9D50B58D166ED07900FED290 /* libopencv_stitching.2.4.9.dylib */ = {isa = PBXFileReference; lastKnownFileType = "compiled.mach-o.dylib"; name = libopencv_stitching.2.4.9.dylib; path = /usr/local/lib/libopencv_stitching.2.4.9.dylib; sourceTree = "<absolute>"; };
		9D50B58E166ED07900FED290 /* libopencv_ts.2.4.9.dylib */ = {isa = PBXFileReference; lastKnownFileType = "compiled.mach-o.dylib"; name = libopencv_ts.2.4.9.dylib; path = /usr/local/lib/libopencv_ts.2.4.9.dylib; sourceTree = "<absolute>"; };
		9D50B58F166ED07900FED290 /* libopencv_video.2.4.9.dylib */ = {isa = PBXFileReference; lastKnownFileType = "compiled.mach-o.dylib"; name = libopencv_video.2.4.9.dylib; path = /usr/local/lib/libopencv_video.2.4.9.dylib; sourceTree = "<absolute>"; };
		9D50B590166ED07900FED290 /* libopencv_videostab.2.4.9.dylib */ = {isa = PBXFileReference; lastKnownFileType = "compiled.mach-o.dylib"; name = libopencv_videostab.2.4.9.dylib; path = /usr/local/lib/libopencv_videostab.2.4.9.dylib; sourceTree = "<absolute>"; };
		9D666AA1168C45E900FF561D /* script.cpp */ = {isa = PBXFileReference; fileEncoding = 4; lastKnownFileType = sourcecode.cpp.cpp; path = script.cpp; sourceTree = "<group>"; };
		9D666AA2168C45E900FF561D /* script.h */ = {isa = PBXFileReference; fileEncoding = 4; lastKnownFileType = sourcecode.c.h; path = script.h; sourceTree = "<group>"; };
		9DFE6F5F166380E2003AFA44 /* HumanPoseDetector */ = {isa = PBXFileReference; explicitFileType = "compiled.mach-o.executable"; includeInIndex = 0; path = HumanPoseDetector; sourceTree = BUILT_PRODUCTS_DIR; };
		9DFE6F63166380E2003AFA44 /* main.cpp */ = {isa = PBXFileReference; lastKnownFileType = sourcecode.cpp.cpp; path = main.cpp; sourceTree = "<group>"; };
		9DFE6F65166380E2003AFA44 /* HumanPoseDetector.1 */ = {isa = PBXFileReference; lastKnownFileType = text.man; path = HumanPoseDetector.1; sourceTree = "<group>"; };
/* End PBXFileReference section */

/* Begin PBXFrameworksBuildPhase section */
		9DFE6F5C166380E2003AFA44 /* Frameworks */ = {
			isa = PBXFrameworksBuildPhase;
			buildActionMask = 2147483647;
			files = (
				9D50B591166ED07900FED290 /* libopencv_calib3d.2.4.9.dylib in Frameworks */,
				9D50B592166ED07900FED290 /* libopencv_contrib.2.4.9.dylib in Frameworks */,
				9D50B593166ED07900FED290 /* libopencv_core.2.4.9.dylib in Frameworks */,
				9D50B594166ED07900FED290 /* libopencv_features2d.2.4.9.dylib in Frameworks */,
				9D50B595166ED07900FED290 /* libopencv_flann.2.4.9.dylib in Frameworks */,
				9D50B596166ED07900FED290 /* libopencv_gpu.2.4.9.dylib in Frameworks */,
				9D50B597166ED07900FED290 /* libopencv_highgui.2.4.9.dylib in Frameworks */,
				9D50B598166ED07900FED290 /* libopencv_imgproc.2.4.9.dylib in Frameworks */,
				9D50B599166ED07900FED290 /* libopencv_legacy.2.4.9.dylib in Frameworks */,
				9D50B59A166ED07900FED290 /* libopencv_ml.2.4.9.dylib in Frameworks */,
				9D50B59B166ED07900FED290 /* libopencv_nonfree.2.4.9.dylib in Frameworks */,
				9D50B59C166ED07900FED290 /* libopencv_objdetect.2.4.9.dylib in Frameworks */,
				9D50B59D166ED07900FED290 /* libopencv_photo.2.4.9.dylib in Frameworks */,
				9D50B59E166ED07900FED290 /* libopencv_stitching.2.4.9.dylib in Frameworks */,
				9D50B59F166ED07900FED290 /* libopencv_ts.2.4.9.dylib in Frameworks */,
				9D50B5A0166ED07900FED290 /* libopencv_video.2.4.9.dylib in Frameworks */,
				9D50B5A1166ED07900FED290 /* libopencv_videostab.2.4.9.dylib in Frameworks */,
			);
			runOnlyForDeploymentPostprocessing = 0;
		};
/* End PBXFrameworksBuildPhase section */

/* Begin PBXGroup section */
		9D30F3E01664140D00C51025 /* Supporting Files */ = {
			isa = PBXGroup;
			children = (
				9D50B580166ED07800FED290 /* libopencv_calib3d.2.4.9.dylib */,
				9D50B581166ED07800FED290 /* libopencv_contrib.2.4.9.dylib */,
				9D50B582166ED07800FED290 /* libopencv_core.2.4.9.dylib */,
				9D50B583166ED07800FED290 /* libopencv_features2d.2.4.9.dylib */,
				9D50B584166ED07800FED290 /* libopencv_flann.2.4.9.dylib */,
				9D50B585166ED07800FED290 /* libopencv_gpu.2.4.9.dylib */,
				9D50B586166ED07800FED290 /* libopencv_highgui.2.4.9.dylib */,
				9D50B587166ED07800FED290 /* libopencv_imgproc.2.4.9.dylib */,
				9D50B588166ED07800FED290 /* libopencv_legacy.2.4.9.dylib */,
				9D50B589166ED07800FED290 /* libopencv_ml.2.4.9.dylib */,
				9D50B58A166ED07900FED290 /* libopencv_nonfree.2.4.9.dylib */,
				9D50B58B166ED07900FED290 /* libopencv_objdetect.2.4.9.dylib */,
				9D50B58C166ED07900FED290 /* libopencv_photo.2.4.9.dylib */,
				9D50B58D166ED07900FED290 /* libopencv_stitching.2.4.9.dylib */,
				9D50B58E166ED07900FED290 /* libopencv_ts.2.4.9.dylib */,
				9D50B58F166ED07900FED290 /* libopencv_video.2.4.9.dylib */,
				9D50B590166ED07900FED290 /* libopencv_videostab.2.4.9.dylib */,
			);
			name = "Supporting Files";
			sourceTree = "<group>";
		};
		9D30F3FF1664326D00C51025 /* Text Files */ = {
			isa = PBXGroup;
			children = (
				9D30F3FD1664326800C51025 /* ori_svm.txt */,
				9D30F3FE1664326800C51025 /* svm_12.txt */,
			);
			name = "Text Files";
			sourceTree = "<group>";
		};
		9DFE6F54166380E2003AFA44 = {
			isa = PBXGroup;
			children = (
				9D30F3FF1664326D00C51025 /* Text Files */,
				9D30F3E01664140D00C51025 /* Supporting Files */,
				9DFE6F62166380E2003AFA44 /* HumanPoseDetector */,
				9DFE6F60166380E2003AFA44 /* Products */,
			);
			sourceTree = "<group>";
		};
		9DFE6F60166380E2003AFA44 /* Products */ = {
			isa = PBXGroup;
			children = (
				9DFE6F5F166380E2003AFA44 /* HumanPoseDetector */,
			);
			name = Products;
			sourceTree = "<group>";
		};
		9DFE6F62166380E2003AFA44 /* HumanPoseDetector */ = {
			isa = PBXGroup;
			children = (
				9D30F3B51664138F00C51025 /* Feature.cpp */,
				9D30F3B61664138F00C51025 /* Feature.h */,
				9D30F3B71664138F00C51025 /* HumanDetector.cpp */,
				9D30F3B81664138F00C51025 /* HumanDetector.h */,
				9D30F3B91664138F00C51025 /* ImageCropper.cpp */,
				9D30F3BA1664138F00C51025 /* ImageCropper.h */,
				9D30F3BB1664138F00C51025 /* KNNDetector.cpp */,
				9D30F3BC1664138F00C51025 /* KNNDetector.h */,
				9DFE6F63166380E2003AFA44 /* main.cpp */,
				9DFE6F65166380E2003AFA44 /* HumanPoseDetector.1 */,
				9D0D0E01166D5DCF00DA2D21 /* NegativeCollector.cpp */,
				9D0D0E02166D5DCF00DA2D21 /* NegativeCollector.h */,
				9D666AA1168C45E900FF561D /* script.cpp */,
				9D666AA2168C45E900FF561D /* script.h */,
			);
			path = HumanPoseDetector;
			sourceTree = "<group>";
		};
/* End PBXGroup section */

/* Begin PBXNativeTarget section */
		9DFE6F5E166380E2003AFA44 /* HumanPoseDetector */ = {
			isa = PBXNativeTarget;
			buildConfigurationList = 9DFE6F69166380E2003AFA44 /* Build configuration list for PBXNativeTarget "HumanPoseDetector" */;
			buildPhases = (
				9DFE6F5B166380E2003AFA44 /* Sources */,
				9DFE6F5C166380E2003AFA44 /* Frameworks */,
				9DFE6F5D166380E2003AFA44 /* CopyFiles */,
			);
			buildRules = (
			);
			dependencies = (
			);
			name = HumanPoseDetector;
			productName = HumanPoseDetector;
			productReference = 9DFE6F5F166380E2003AFA44 /* HumanPoseDetector */;
			productType = "com.apple.product-type.tool";
		};
/* End PBXNativeTarget section */

/* Begin PBXProject section */
		9DFE6F56166380E2003AFA44 /* Project object */ = {
			isa = PBXProject;
			attributes = {
				LastUpgradeCheck = 0450;
				ORGANIZATIONNAME = "Lichao Chen";
			};
			buildConfigurationList = 9DFE6F59166380E2003AFA44 /* Build configuration list for PBXProject "HumanPoseDetector" */;
			compatibilityVersion = "Xcode 3.2";
			developmentRegion = English;
			hasScannedForEncodings = 0;
			knownRegions = (
				en,
			);
			mainGroup = 9DFE6F54166380E2003AFA44;
			productRefGroup = 9DFE6F60166380E2003AFA44 /* Products */;
			projectDirPath = "";
			projectRoot = "";
			targets = (
				9DFE6F5E166380E2003AFA44 /* HumanPoseDetector */,
			);
		};
/* End PBXProject section */

/* Begin PBXSourcesBuildPhase section */
		9DFE6F5B166380E2003AFA44 /* Sources */ = {
			isa = PBXSourcesBuildPhase;
			buildActionMask = 2147483647;
			files = (
				9DFE6F64166380E2003AFA44 /* main.cpp in Sources */,
				9D30F3E41664145000C51025 /* Feature.cpp in Sources */,
				9D30F3E11664144500C51025 /* HumanDetector.cpp in Sources */,
				9D30F3E31664144B00C51025 /* KNNDetector.cpp in Sources */,
				9D30F3E21664144800C51025 /* ImageCropper.cpp in Sources */,
				9D0D0E03166D5DCF00DA2D21 /* NegativeCollector.cpp in Sources */,
				9D666AA3168C45E900FF561D /* script.cpp in Sources */,
			);
			runOnlyForDeploymentPostprocessing = 0;
		};
/* End PBXSourcesBuildPhase section */

/* Begin XCBuildConfiguration section */
		9DFE6F67166380E2003AFA44 /* Debug */ = {
			isa = XCBuildConfiguration;
			buildSettings = {
				ALWAYS_SEARCH_USER_PATHS = NO;
				ARCHS = "$(ARCHS_STANDARD_64_BIT)";
				CLANG_CXX_LANGUAGE_STANDARD = "c++0x";
				CLANG_CXX_LIBRARY = "libc++";
				CLANG_ENABLE_OBJC_ARC = YES;
				CLANG_WARN_EMPTY_BODY = YES;
				CLANG_WARN__DUPLICATE_METHOD_MATCH = YES;
				COPY_PHASE_STRIP = NO;
				GCC_C_LANGUAGE_STANDARD = gnu99;
				GCC_DYNAMIC_NO_PIC = NO;
				GCC_ENABLE_OBJC_EXCEPTIONS = YES;
				GCC_OPTIMIZATION_LEVEL = 0;
				GCC_PREPROCESSOR_DEFINITIONS = (
					"DEBUG=1",
					"$(inherited)",
				);
				GCC_SYMBOLS_PRIVATE_EXTERN = NO;
				GCC_WARN_64_TO_32_BIT_CONVERSION = YES;
				GCC_WARN_ABOUT_RETURN_TYPE = YES;
				GCC_WARN_UNINITIALIZED_AUTOS = YES;
				GCC_WARN_UNUSED_VARIABLE = YES;
				HEADER_SEARCH_PATHS = (
					"$(inherited)",
					/usr/local/include,
				);
				INSTALL_PATH = /Users/lichao/data/exec/;
				LIBRARY_SEARCH_PATHS = (
					"$(inherited)",
					/usr/local/lib,
				);
				MACOSX_DEPLOYMENT_TARGET = 10.8;
				ONLY_ACTIVE_ARCH = YES;
				SDKROOT = macosx;
			};
			name = Debug;
		};
		9DFE6F68166380E2003AFA44 /* Release */ = {
			isa = XCBuildConfiguration;
			buildSettings = {
				ALWAYS_SEARCH_USER_PATHS = NO;
				ARCHS = "$(ARCHS_STANDARD_64_BIT)";
				CLANG_CXX_LANGUAGE_STANDARD = "c++0x";
				CLANG_CXX_LIBRARY = "libc++";
				CLANG_ENABLE_OBJC_ARC = YES;
				CLANG_WARN_EMPTY_BODY = YES;
				CLANG_WARN__DUPLICATE_METHOD_MATCH = YES;
				COPY_PHASE_STRIP = YES;
				DEBUG_INFORMATION_FORMAT = "dwarf-with-dsym";
				GCC_C_LANGUAGE_STANDARD = gnu99;
				GCC_ENABLE_OBJC_EXCEPTIONS = YES;
				GCC_WARN_64_TO_32_BIT_CONVERSION = YES;
				GCC_WARN_ABOUT_RETURN_TYPE = YES;
				GCC_WARN_UNINITIALIZED_AUTOS = YES;
				GCC_WARN_UNUSED_VARIABLE = YES;
				HEADER_SEARCH_PATHS = (
					"$(inherited)",
					/usr/local/include,
				);
				INSTALL_PATH = /Users/lichao/data/exec/;
				LIBRARY_SEARCH_PATHS = (
					"$(inherited)",
					/usr/local/lib,
				);
				MACOSX_DEPLOYMENT_TARGET = 10.8;
				SDKROOT = macosx;
			};
			name = Release;
		};
		9DFE6F6A166380E2003AFA44 /* Debug */ = {
			isa = XCBuildConfiguration;
			buildSettings = {
				PRODUCT_NAME = "$(TARGET_NAME)";
			};
			name = Debug;
		};
		9DFE6F6B166380E2003AFA44 /* Release */ = {
			isa = XCBuildConfiguration;
			buildSettings = {
				PRODUCT_NAME = "$(TARGET_NAME)";
			};
			name = Release;
		};
/* End XCBuildConfiguration section */

/* Begin XCConfigurationList section */
		9DFE6F59166380E2003AFA44 /* Build configuration list for PBXProject "HumanPoseDetector" */ = {
			isa = XCConfigurationList;
			buildConfigurations = (
				9DFE6F67166380E2003AFA44 /* Debug */,
				9DFE6F68166380E2003AFA44 /* Release */,
			);
			defaultConfigurationIsVisible = 0;
			defaultConfigurationName = Release;
		};
		9DFE6F69166380E2003AFA44 /* Build configuration list for PBXNativeTarget "HumanPoseDetector" */ = {
			isa = XCConfigurationList;
			buildConfigurations = (
				9DFE6F6A166380E2003AFA44 /* Debug */,
				9DFE6F6B166380E2003AFA44 /* Release */,
			);
			defaultConfigurationIsVisible = 0;
			defaultConfigurationName = Release;
		};
/* End XCConfigurationList section */
	};
	rootObject = 9DFE6F56166380E2003AFA44 /* Project object */;
}
